// !$*UTF8*$!
{
	archiveVersion = 1;
	classes = {
	};
	objectVersion = 56;
	objects = {

/* Begin PBXBuildFile section */
		E20404642B449361004073EB /* TransactionModel.swift in Sources */ = {isa = PBXBuildFile; fileRef = E20404632B449361004073EB /* TransactionModel.swift */; };
		E20404662B449510004073EB /* PreviewData.swift in Sources */ = {isa = PBXBuildFile; fileRef = E20404652B449510004073EB /* PreviewData.swift */; };
		E20404682B4495ED004073EB /* TransactionRow.swift in Sources */ = {isa = PBXBuildFile; fileRef = E20404672B4495ED004073EB /* TransactionRow.swift */; };
		E204046B2B449E3D004073EB /* SwiftUIFontIcon in Frameworks */ = {isa = PBXBuildFile; productRef = E204046A2B449E3D004073EB /* SwiftUIFontIcon */; };
		E204046F2B449F5D004073EB /* TransactionListViewModel.swift in Sources */ = {isa = PBXBuildFile; fileRef = E204046E2B449F5D004073EB /* TransactionListViewModel.swift */; };
		E256746F2B45238200233A67 /* recentTransactionList.swift in Sources */ = {isa = PBXBuildFile; fileRef = E256746E2B45238200233A67 /* recentTransactionList.swift */; };
		E25674712B45363A00233A67 /* TransactionList.swift in Sources */ = {isa = PBXBuildFile; fileRef = E25674702B45363A00233A67 /* TransactionList.swift */; };
		E25674742B453A5A00233A67 /* Collections in Frameworks */ = {isa = PBXBuildFile; productRef = E25674732B453A5A00233A67 /* Collections */; };
		E256747A2B453E6C00233A67 /* SwiftUICharts in Frameworks */ = {isa = PBXBuildFile; productRef = E25674792B453E6C00233A67 /* SwiftUICharts */; };
		E27CAFB82B44841300061F93 /* ExpenseTracker1App.swift in Sources */ = {isa = PBXBuildFile; fileRef = E27CAFB72B44841300061F93 /* ExpenseTracker1App.swift */; };
		E27CAFBA2B44841300061F93 /* ContentView.swift in Sources */ = {isa = PBXBuildFile; fileRef = E27CAFB92B44841300061F93 /* ContentView.swift */; };
		E27CAFBC2B44841400061F93 /* Assets.xcassets in Resources */ = {isa = PBXBuildFile; fileRef = E27CAFBB2B44841400061F93 /* Assets.xcassets */; };
		E27CAFBF2B44841400061F93 /* Preview Assets.xcassets in Resources */ = {isa = PBXBuildFile; fileRef = E27CAFBE2B44841400061F93 /* Preview Assets.xcassets */; };
		E27CAFC62B4485AA00061F93 /* Extensions.swift in Sources */ = {isa = PBXBuildFile; fileRef = E27CAFC52B4485AA00061F93 /* Extensions.swift */; };
/* End PBXBuildFile section */

/* Begin PBXFileReference section */
		E20404632B449361004073EB /* TransactionModel.swift */ = {isa = PBXFileReference; lastKnownFileType = sourcecode.swift; path = TransactionModel.swift; sourceTree = "<group>"; };
		E20404652B449510004073EB /* PreviewData.swift */ = {isa = PBXFileReference; lastKnownFileType = sourcecode.swift; path = PreviewData.swift; sourceTree = "<group>"; };
		E20404672B4495ED004073EB /* TransactionRow.swift */ = {isa = PBXFileReference; lastKnownFileType = sourcecode.swift; path = TransactionRow.swift; sourceTree = "<group>"; };
		E204046E2B449F5D004073EB /* TransactionListViewModel.swift */ = {isa = PBXFileReference; lastKnownFileType = sourcecode.swift; path = TransactionListViewModel.swift; sourceTree = "<group>"; };
		E256746E2B45238200233A67 /* recentTransactionList.swift */ = {isa = PBXFileReference; lastKnownFileType = sourcecode.swift; path = recentTransactionList.swift; sourceTree = "<group>"; };
		E25674702B45363A00233A67 /* TransactionList.swift */ = {isa = PBXFileReference; lastKnownFileType = sourcecode.swift; path = TransactionList.swift; sourceTree = "<group>"; };
		E27CAFB42B44841300061F93 /* ExpenseTracker1.app */ = {isa = PBXFileReference; explicitFileType = wrapper.application; includeInIndex = 0; path = ExpenseTracker1.app; sourceTree = BUILT_PRODUCTS_DIR; };
		E27CAFB72B44841300061F93 /* ExpenseTracker1App.swift */ = {isa = PBXFileReference; lastKnownFileType = sourcecode.swift; path = ExpenseTracker1App.swift; sourceTree = "<group>"; };
		E27CAFB92B44841300061F93 /* ContentView.swift */ = {isa = PBXFileReference; lastKnownFileType = sourcecode.swift; path = ContentView.swift; sourceTree = "<group>"; };
		E27CAFBB2B44841400061F93 /* Assets.xcassets */ = {isa = PBXFileReference; lastKnownFileType = folder.assetcatalog; path = Assets.xcassets; sourceTree = "<group>"; };
		E27CAFBE2B44841400061F93 /* Preview Assets.xcassets */ = {isa = PBXFileReference; lastKnownFileType = folder.assetcatalog; path = "Preview Assets.xcassets"; sourceTree = "<group>"; };
		E27CAFC52B4485AA00061F93 /* Extensions.swift */ = {isa = PBXFileReference; lastKnownFileType = sourcecode.swift; path = Extensions.swift; sourceTree = "<group>"; };
/* End PBXFileReference section */

/* Begin PBXFrameworksBuildPhase section */
		E27CAFB12B44841300061F93 /* Frameworks */ = {
			isa = PBXFrameworksBuildPhase;
			buildActionMask = 2147483647;
			files = (
				E256747A2B453E6C00233A67 /* SwiftUICharts in Frameworks */,
				E25674742B453A5A00233A67 /* Collections in Frameworks */,
				E204046B2B449E3D004073EB /* SwiftUIFontIcon in Frameworks */,
			);
			runOnlyForDeploymentPostprocessing = 0;
		};
/* End PBXFrameworksBuildPhase section */

/* Begin PBXGroup section */
		E27CAFAB2B44841300061F93 = {
			isa = PBXGroup;
			children = (
				E27CAFB62B44841300061F93 /* ExpenseTracker1 */,
				E27CAFB52B44841300061F93 /* Products */,
			);
			sourceTree = "<group>";
		};
		E27CAFB52B44841300061F93 /* Products */ = {
			isa = PBXGroup;
			children = (
				E27CAFB42B44841300061F93 /* ExpenseTracker1.app */,
			);
			name = Products;
			sourceTree = "<group>";
		};
		E27CAFB62B44841300061F93 /* ExpenseTracker1 */ = {
			isa = PBXGroup;
			children = (
				E27CAFB72B44841300061F93 /* ExpenseTracker1App.swift */,
				E27CAFB92B44841300061F93 /* ContentView.swift */,
				E25674702B45363A00233A67 /* TransactionList.swift */,
				E256746E2B45238200233A67 /* recentTransactionList.swift */,
				E20404672B4495ED004073EB /* TransactionRow.swift */,
				E204046E2B449F5D004073EB /* TransactionListViewModel.swift */,
				E20404632B449361004073EB /* TransactionModel.swift */,
				E27CAFC52B4485AA00061F93 /* Extensions.swift */,
				E27CAFBB2B44841400061F93 /* Assets.xcassets */,
				E27CAFBD2B44841400061F93 /* Preview Content */,
			);
			path = ExpenseTracker1;
			sourceTree = "<group>";
		};
		E27CAFBD2B44841400061F93 /* Preview Content */ = {
			isa = PBXGroup;
			children = (
				E27CAFBE2B44841400061F93 /* Preview Assets.xcassets */,
				E20404652B449510004073EB /* PreviewData.swift */,
			);
			path = "Preview Content";
			sourceTree = "<group>";
		};
/* End PBXGroup section */

/* Begin PBXNativeTarget section */
		E27CAFB32B44841300061F93 /* ExpenseTracker1 */ = {
			isa = PBXNativeTarget;
			buildConfigurationList = E27CAFC22B44841400061F93 /* Build configuration list for PBXNativeTarget "ExpenseTracker1" */;
			buildPhases = (
				E27CAFB02B44841300061F93 /* Sources */,
				E27CAFB12B44841300061F93 /* Frameworks */,
				E27CAFB22B44841300061F93 /* Resources */,
			);
			buildRules = (
			);
			dependencies = (
			);
			name = ExpenseTracker1;
			packageProductDependencies = (
				E204046A2B449E3D004073EB /* SwiftUIFontIcon */,
				E25674732B453A5A00233A67 /* Collections */,
				E25674792B453E6C00233A67 /* SwiftUICharts */,
			);
			productName = ExpenseTracker1;
			productReference = E27CAFB42B44841300061F93 /* ExpenseTracker1.app */;
			productType = "com.apple.product-type.application";
		};
/* End PBXNativeTarget section */

/* Begin PBXProject section */
		E27CAFAC2B44841300061F93 /* Project object */ = {
			isa = PBXProject;
			attributes = {
				BuildIndependentTargetsInParallel = 1;
				LastSwiftUpdateCheck = 1500;
				LastUpgradeCheck = 1500;
				TargetAttributes = {
					E27CAFB32B44841300061F93 = {
						CreatedOnToolsVersion = 15.0;
					};
				};
			};
			buildConfigurationList = E27CAFAF2B44841300061F93 /* Build configuration list for PBXProject "ExpenseTracker1" */;
			compatibilityVersion = "Xcode 14.0";
			developmentRegion = en;
			hasScannedForEncodings = 0;
			knownRegions = (
				en,
				Base,
			);
			mainGroup = E27CAFAB2B44841300061F93;
			packageReferences = (
				E20404692B449E3D004073EB /* XCRemoteSwiftPackageReference "SwiftUIFontIcon" */,
				E25674722B453A5A00233A67 /* XCRemoteSwiftPackageReference "swift-collections" */,
				E25674782B453E6C00233A67 /* XCRemoteSwiftPackageReference "ChartView" */,
			);
			productRefGroup = E27CAFB52B44841300061F93 /* Products */;
			projectDirPath = "";
			projectRoot = "";
			targets = (
				E27CAFB32B44841300061F93 /* ExpenseTracker1 */,
			);
		};
/* End PBXProject section */

/* Begin PBXResourcesBuildPhase section */
		E27CAFB22B44841300061F93 /* Resources */ = {
			isa = PBXResourcesBuildPhase;
			buildActionMask = 2147483647;
			files = (
				E27CAFBF2B44841400061F93 /* Preview Assets.xcassets in Resources */,
				E27CAFBC2B44841400061F93 /* Assets.xcassets in Resources */,
			);
			runOnlyForDeploymentPostprocessing = 0;
		};
/* End PBXResourcesBuildPhase section */

/* Begin PBXSourcesBuildPhase section */
		E27CAFB02B44841300061F93 /* Sources */ = {
			isa = PBXSourcesBuildPhase;
			buildActionMask = 2147483647;
			files = (
				E20404662B449510004073EB /* PreviewData.swift in Sources */,
				E25674712B45363A00233A67 /* TransactionList.swift in Sources */,
				E256746F2B45238200233A67 /* recentTransactionList.swift in Sources */,
				E20404642B449361004073EB /* TransactionModel.swift in Sources */,
				E27CAFBA2B44841300061F93 /* ContentView.swift in Sources */,
				E20404682B4495ED004073EB /* TransactionRow.swift in Sources */,
				E27CAFC62B4485AA00061F93 /* Extensions.swift in Sources */,
				E204046F2B449F5D004073EB /* TransactionListViewModel.swift in Sources */,
				E27CAFB82B44841300061F93 /* ExpenseTracker1App.swift in Sources */,
			);
			runOnlyForDeploymentPostprocessing = 0;
		};
/* End PBXSourcesBuildPhase section */

/* Begin XCBuildConfiguration section */
		E27CAFC02B44841400061F93 /* Debug */ = {
			isa = XCBuildConfiguration;
			buildSettings = {
				ALWAYS_SEARCH_USER_PATHS = NO;
				ASSETCATALOG_COMPILER_GENERATE_SWIFT_ASSET_SYMBOL_EXTENSIONS = YES;
				CLANG_ANALYZER_NONNULL = YES;
				CLANG_ANALYZER_NUMBER_OBJECT_CONVERSION = YES_AGGRESSIVE;
				CLANG_CXX_LANGUAGE_STANDARD = "gnu++20";
				CLANG_ENABLE_MODULES = YES;
				CLANG_ENABLE_OBJC_ARC = YES;
				CLANG_ENABLE_OBJC_WEAK = YES;
				CLANG_WARN_BLOCK_CAPTURE_AUTORELEASING = YES;
				CLANG_WARN_BOOL_CONVERSION = YES;
				CLANG_WARN_COMMA = YES;
				CLANG_WARN_CONSTANT_CONVERSION = YES;
				CLANG_WARN_DEPRECATED_OBJC_IMPLEMENTATIONS = YES;
				CLANG_WARN_DIRECT_OBJC_ISA_USAGE = YES_ERROR;
				CLANG_WARN_DOCUMENTATION_COMMENTS = YES;
				CLANG_WARN_EMPTY_BODY = YES;
				CLANG_WARN_ENUM_CONVERSION = YES;
				CLANG_WARN_INFINITE_RECURSION = YES;
				CLANG_WARN_INT_CONVERSION = YES;
				CLANG_WARN_NON_LITERAL_NULL_CONVERSION = YES;
				CLANG_WARN_OBJC_IMPLICIT_RETAIN_SELF = YES;
				CLANG_WARN_OBJC_LITERAL_CONVERSION = YES;
				CLANG_WARN_OBJC_ROOT_CLASS = YES_ERROR;
				CLANG_WARN_QUOTED_INCLUDE_IN_FRAMEWORK_HEADER = YES;
				CLANG_WARN_RANGE_LOOP_ANALYSIS = YES;
				CLANG_WARN_STRICT_PROTOTYPES = YES;
				CLANG_WARN_SUSPICIOUS_MOVE = YES;
				CLANG_WARN_UNGUARDED_AVAILABILITY = YES_AGGRESSIVE;
				CLANG_WARN_UNREACHABLE_CODE = YES;
				CLANG_WARN__DUPLICATE_METHOD_MATCH = YES;
				COPY_PHASE_STRIP = NO;
				DEBUG_INFORMATION_FORMAT = dwarf;
				ENABLE_STRICT_OBJC_MSGSEND = YES;
				ENABLE_TESTABILITY = YES;
				ENABLE_USER_SCRIPT_SANDBOXING = YES;
				GCC_C_LANGUAGE_STANDARD = gnu17;
				GCC_DYNAMIC_NO_PIC = NO;
				GCC_NO_COMMON_BLOCKS = YES;
				GCC_OPTIMIZATION_LEVEL = 0;
				GCC_PREPROCESSOR_DEFINITIONS = (
					"DEBUG=1",
					"$(inherited)",
				);
				GCC_WARN_64_TO_32_BIT_CONVERSION = YES;
				GCC_WARN_ABOUT_RETURN_TYPE = YES_ERROR;
				GCC_WARN_UNDECLARED_SELECTOR = YES;
				GCC_WARN_UNINITIALIZED_AUTOS = YES_AGGRESSIVE;
				GCC_WARN_UNUSED_FUNCTION = YES;
				GCC_WARN_UNUSED_VARIABLE = YES;
				IPHONEOS_DEPLOYMENT_TARGET = 17.0;
				LOCALIZATION_PREFERS_STRING_CATALOGS = YES;
				MTL_ENABLE_DEBUG_INFO = INCLUDE_SOURCE;
				MTL_FAST_MATH = YES;
				ONLY_ACTIVE_ARCH = YES;
				SDKROOT = iphoneos;
				SWIFT_ACTIVE_COMPILATION_CONDITIONS = "DEBUG $(inherited)";
				SWIFT_OPTIMIZATION_LEVEL = "-Onone";
			};
			name = Debug;
		};
		E27CAFC12B44841400061F93 /* Release */ = {
			isa = XCBuildConfiguration;
			buildSettings = {
				ALWAYS_SEARCH_USER_PATHS = NO;
				ASSETCATALOG_COMPILER_GENERATE_SWIFT_ASSET_SYMBOL_EXTENSIONS = YES;
				CLANG_ANALYZER_NONNULL = YES;
				CLANG_ANALYZER_NUMBER_OBJECT_CONVERSION = YES_AGGRESSIVE;
				CLANG_CXX_LANGUAGE_STANDARD = "gnu++20";
				CLANG_ENABLE_MODULES = YES;
				CLANG_ENABLE_OBJC_ARC = YES;
				CLANG_ENABLE_OBJC_WEAK = YES;
				CLANG_WARN_BLOCK_CAPTURE_AUTORELEASING = YES;
				CLANG_WARN_BOOL_CONVERSION = YES;
				CLANG_WARN_COMMA = YES;
				CLANG_WARN_CONSTANT_CONVERSION = YES;
				CLANG_WARN_DEPRECATED_OBJC_IMPLEMENTATIONS = YES;
				CLANG_WARN_DIRECT_OBJC_ISA_USAGE = YES_ERROR;
				CLANG_WARN_DOCUMENTATION_COMMENTS = YES;
				CLANG_WARN_EMPTY_BODY = YES;
				CLANG_WARN_ENUM_CONVERSION = YES;
				CLANG_WARN_INFINITE_RECURSION = YES;
				CLANG_WARN_INT_CONVERSION = YES;
				CLANG_WARN_NON_LITERAL_NULL_CONVERSION = YES;
				CLANG_WARN_OBJC_IMPLICIT_RETAIN_SELF = YES;
				CLANG_WARN_OBJC_LITERAL_CONVERSION = YES;
				CLANG_WARN_OBJC_ROOT_CLASS = YES_ERROR;
				CLANG_WARN_QUOTED_INCLUDE_IN_FRAMEWORK_HEADER = YES;
				CLANG_WARN_RANGE_LOOP_ANALYSIS = YES;
				CLANG_WARN_STRICT_PROTOTYPES = YES;
				CLANG_WARN_SUSPICIOUS_MOVE = YES;
				CLANG_WARN_UNGUARDED_AVAILABILITY = YES_AGGRESSIVE;
				CLANG_WARN_UNREACHABLE_CODE = YES;
				CLANG_WARN__DUPLICATE_METHOD_MATCH = YES;
				COPY_PHASE_STRIP = NO;
				DEBUG_INFORMATION_FORMAT = "dwarf-with-dsym";
				ENABLE_NS_ASSERTIONS = NO;
				ENABLE_STRICT_OBJC_MSGSEND = YES;
				ENABLE_USER_SCRIPT_SANDBOXING = YES;
				GCC_C_LANGUAGE_STANDARD = gnu17;
				GCC_NO_COMMON_BLOCKS = YES;
				GCC_WARN_64_TO_32_BIT_CONVERSION = YES;
				GCC_WARN_ABOUT_RETURN_TYPE = YES_ERROR;
				GCC_WARN_UNDECLARED_SELECTOR = YES;
				GCC_WARN_UNINITIALIZED_AUTOS = YES_AGGRESSIVE;
				GCC_WARN_UNUSED_FUNCTION = YES;
				GCC_WARN_UNUSED_VARIABLE = YES;
				IPHONEOS_DEPLOYMENT_TARGET = 17.0;
				LOCALIZATION_PREFERS_STRING_CATALOGS = YES;
				MTL_ENABLE_DEBUG_INFO = NO;
				MTL_FAST_MATH = YES;
				SDKROOT = iphoneos;
				SWIFT_COMPILATION_MODE = wholemodule;
				VALIDATE_PRODUCT = YES;
			};
			name = Release;
		};
		E27CAFC32B44841400061F93 /* Debug */ = {
			isa = XCBuildConfiguration;
			buildSettings = {
				ASSETCATALOG_COMPILER_APPICON_NAME = AppIcon;
				ASSETCATALOG_COMPILER_GLOBAL_ACCENT_COLOR_NAME = AccentColor;
				CODE_SIGN_STYLE = Automatic;
				CURRENT_PROJECT_VERSION = 1;
				DEVELOPMENT_ASSET_PATHS = "\"ExpenseTracker1/Preview Content\"";
				DEVELOPMENT_TEAM = Q4YS55FQ72;
				ENABLE_PREVIEWS = YES;
				GENERATE_INFOPLIST_FILE = YES;
				INFOPLIST_KEY_UIApplicationSceneManifest_Generation = YES;
				INFOPLIST_KEY_UIApplicationSupportsIndirectInputEvents = YES;
				INFOPLIST_KEY_UILaunchScreen_Generation = YES;
				INFOPLIST_KEY_UISupportedInterfaceOrientations_iPad = "UIInterfaceOrientationPortrait UIInterfaceOrientationPortraitUpsideDown UIInterfaceOrientationLandscapeLeft UIInterfaceOrientationLandscapeRight";
				INFOPLIST_KEY_UISupportedInterfaceOrientations_iPhone = "UIInterfaceOrientationPortrait UIInterfaceOrientationLandscapeLeft UIInterfaceOrientationLandscapeRight";
				LD_RUNPATH_SEARCH_PATHS = (
					"$(inherited)",
					"@executable_path/Frameworks",
				);
				MARKETING_VERSION = 1.0;
				PRODUCT_BUNDLE_IDENTIFIER = com.chiragarora.ExpenseTracker1;
				PRODUCT_NAME = "$(TARGET_NAME)";
				SWIFT_EMIT_LOC_STRINGS = YES;
				SWIFT_VERSION = 5.0;
				TARGETED_DEVICE_FAMILY = "1,2";
			};
			name = Debug;
		};
		E27CAFC42B44841400061F93 /* Release */ = {
			isa = XCBuildConfiguration;
			buildSettings = {
				ASSETCATALOG_COMPILER_APPICON_NAME = AppIcon;
				ASSETCATALOG_COMPILER_GLOBAL_ACCENT_COLOR_NAME = AccentColor;
				CODE_SIGN_STYLE = Automatic;
				CURRENT_PROJECT_VERSION = 1;
				DEVELOPMENT_ASSET_PATHS = "\"ExpenseTracker1/Preview Content\"";
				DEVELOPMENT_TEAM = Q4YS55FQ72;
				ENABLE_PREVIEWS = YES;
				GENERATE_INFOPLIST_FILE = YES;
				INFOPLIST_KEY_UIApplicationSceneManifest_Generation = YES;
				INFOPLIST_KEY_UIApplicationSupportsIndirectInputEvents = YES;
				INFOPLIST_KEY_UILaunchScreen_Generation = YES;
				INFOPLIST_KEY_UISupportedInterfaceOrientations_iPad = "UIInterfaceOrientationPortrait UIInterfaceOrientationPortraitUpsideDown UIInterfaceOrientationLandscapeLeft UIInterfaceOrientationLandscapeRight";
				INFOPLIST_KEY_UISupportedInterfaceOrientations_iPhone = "UIInterfaceOrientationPortrait UIInterfaceOrientationLandscapeLeft UIInterfaceOrientationLandscapeRight";
				LD_RUNPATH_SEARCH_PATHS = (
					"$(inherited)",
					"@executable_path/Frameworks",
				);
				MARKETING_VERSION = 1.0;
				PRODUCT_BUNDLE_IDENTIFIER = com.chiragarora.ExpenseTracker1;
				PRODUCT_NAME = "$(TARGET_NAME)";
				SWIFT_EMIT_LOC_STRINGS = YES;
				SWIFT_VERSION = 5.0;
				TARGETED_DEVICE_FAMILY = "1,2";
			};
			name = Release;
		};
/* End XCBuildConfiguration section */

/* Begin XCConfigurationList section */
		E27CAFAF2B44841300061F93 /* Build configuration list for PBXProject "ExpenseTracker1" */ = {
			isa = XCConfigurationList;
			buildConfigurations = (
				E27CAFC02B44841400061F93 /* Debug */,
				E27CAFC12B44841400061F93 /* Release */,
			);
			defaultConfigurationIsVisible = 0;
			defaultConfigurationName = Release;
		};
		E27CAFC22B44841400061F93 /* Build configuration list for PBXNativeTarget "ExpenseTracker1" */ = {
			isa = XCConfigurationList;
			buildConfigurations = (
				E27CAFC32B44841400061F93 /* Debug */,
				E27CAFC42B44841400061F93 /* Release */,
			);
			defaultConfigurationIsVisible = 0;
			defaultConfigurationName = Release;
		};
/* End XCConfigurationList section */

/* Begin XCRemoteSwiftPackageReference section */
		E20404692B449E3D004073EB /* XCRemoteSwiftPackageReference "SwiftUIFontIcon" */ = {
			isa = XCRemoteSwiftPackageReference;
			repositoryURL = "https://github.com/huybuidac/SwiftUIFontIcon.git";
			requirement = {
				kind = upToNextMajorVersion;
				minimumVersion = 2.1.0;
			};
		};
		E25674722B453A5A00233A67 /* XCRemoteSwiftPackageReference "swift-collections" */ = {
			isa = XCRemoteSwiftPackageReference;
			repositoryURL = "https://github.com/apple/swift-collections.git";
			requirement = {
				kind = upToNextMajorVersion;
				minimumVersion = 1.0.6;
			};
		};
		E25674782B453E6C00233A67 /* XCRemoteSwiftPackageReference "ChartView" */ = {
			isa = XCRemoteSwiftPackageReference;
			repositoryURL = "https://github.com/AppPear/ChartView.git";
			requirement = {
				kind = exactVersion;
				version = "2.0.0-beta.2";
			};
		};
/* End XCRemoteSwiftPackageReference section */

/* Begin XCSwiftPackageProductDependency section */
		E204046A2B449E3D004073EB /* SwiftUIFontIcon */ = {
			isa = XCSwiftPackageProductDependency;
			package = E20404692B449E3D004073EB /* XCRemoteSwiftPackageReference "SwiftUIFontIcon" */;
			productName = SwiftUIFontIcon;
		};
		E25674732B453A5A00233A67 /* Collections */ = {
			isa = XCSwiftPackageProductDependency;
			package = E25674722B453A5A00233A67 /* XCRemoteSwiftPackageReference "swift-collections" */;
			productName = Collections;
		};
		E25674792B453E6C00233A67 /* SwiftUICharts */ = {
			isa = XCSwiftPackageProductDependency;
			package = E25674782B453E6C00233A67 /* XCRemoteSwiftPackageReference "ChartView" */;
			productName = SwiftUICharts;
		};
/* End XCSwiftPackageProductDependency section */
	};
	rootObject = E27CAFAC2B44841300061F93 /* Project object */;
}
